
Microsoft Visual Studio Solution File, Format Version 12.00
# Visual Studio Version 16
VisualStudioVersion = 16.0.31624.102
MinimumVisualStudioVersion = 10.0.40219.1
Project("{FAE04EC0-301F-11D3-BF4B-00C04F79EFBC}") = "INVERTIR NÚMERO DE DOS CIFRAS", "INVERTIR NÚMERO DE DOS CIFRAS\INVERTIR NÚMERO DE DOS CIFRAS.csproj", "{A12D7D23-C93B-4632-9062-70DB3F89DDAD}"
EndProject
Global
	GlobalSection(SolutionConfigurationPlatforms) = preSolution
		Debug|Any CPU = Debug|Any CPU
		Release|Any CPU = Release|Any CPU
	EndGlobalSection
	GlobalSection(ProjectConfigurationPlatforms) = postSolution
		{A12D7D23-C93B-4632-9062-70DB3F89DDAD}.Debug|Any CPU.ActiveCfg = Debug|Any CPU
		{A12D7D23-C93B-4632-9062-70DB3F89DDAD}.Debug|Any CPU.Build.0 = Debug|Any CPU
		{A12D7D23-C93B-4632-9062-70DB3F89DDAD}.Release|Any CPU.ActiveCfg = Release|Any CPU
		{A12D7D23-C93B-4632-9062-70DB3F89DDAD}.Release|Any CPU.Build.0 = Release|Any CPU
	EndGlobalSection
	GlobalSection(SolutionProperties) = preSolution
		HideSolutionNode = FALSE
	EndGlobalSection
	GlobalSection(ExtensibilityGlobals) = postSolution
		SolutionGuid = {4214BA15-F6AE-4988-B27B-67276423878C}
	EndGlobalSection
EndGlobal
